
Microsoft Visual Studio Solution File, Format Version 12.00
# Visual Studio Version 17
VisualStudioVersion = 17.11.35303.130
MinimumVisualStudioVersion = 10.0.40219.1
Project("{FAE04EC0-301F-11D3-BF4B-00C04F79EFBC}") = "ConnectFour", "ConnectFour.csproj", "{BF90672A-68DC-4232-BCDA-0A5521E91AE7}"
EndProject
Global
	GlobalSection(SolutionConfigurationPlatforms) = preSolution
		Debug|Any CPU = Debug|Any CPU
		Release|Any CPU = Release|Any CPU
	EndGlobalSection
	GlobalSection(ProjectConfigurationPlatforms) = postSolution
		{BF90672A-68DC-4232-BCDA-0A5521E91AE7}.Debug|Any CPU.ActiveCfg = Debug|Any CPU
		{BF90672A-68DC-4232-BCDA-0A5521E91AE7}.Debug|Any CPU.Build.0 = Debug|Any CPU
		{BF90672A-68DC-4232-BCDA-0A5521E91AE7}.Release|Any CPU.ActiveCfg = Release|Any CPU
		{BF90672A-68DC-4232-BCDA-0A5521E91AE7}.Release|Any CPU.Build.0 = Release|Any CPU
	EndGlobalSection
	GlobalSection(SolutionProperties) = preSolution
		HideSolutionNode = FALSE
	EndGlobalSection
	GlobalSection(ExtensibilityGlobals) = postSolution
		SolutionGuid = {115363DC-3B52-46F3-A96E-452F8B0F2E98}
	EndGlobalSection
EndGlobal
